
Microsoft Visual Studio Solution File, Format Version 12.00
# Visual Studio 15
VisualStudioVersion = 15.0.28010.2026
MinimumVisualStudioVersion = 10.0.40219.1
Project("{8BC9CEB8-8B4A-11D0-8D11-00A0C91BC942}") = "offersTest", "offersTest\offersTest.vcxproj", "{C3F65587-68C2-4111-BBFA-E34A0B83AFB4}"
EndProject
Project("{8BC9CEB8-8B4A-11D0-8D11-00A0C91BC942}") = "deleteNode", "deleteNode\deleteNode.vcxproj", "{F0B14935-77EB-41E6-8879-A1DC52284AEA}"
EndProject
Project("{8BC9CEB8-8B4A-11D0-8D11-00A0C91BC942}") = "MergeTwoList", "MergeTwoList\MergeTwoList.vcxproj", "{FE9CE839-D80C-41F0-93F4-3FCBB9F5DBB4}"
EndProject
Project("{8BC9CEB8-8B4A-11D0-8D11-00A0C91BC942}") = "PrintNumInRect", "PrintNumInRect\PrintNumInRect.vcxproj", "{77FAE35A-37DB-4C61-ABF8-4A835C440443}"
EndProject
Project("{8BC9CEB8-8B4A-11D0-8D11-00A0C91BC942}") = "testNew", "testNew\testNew.vcxproj", "{D2A953B1-E395-4F15-BC72-C47E01A6E1A8}"
EndProject
Project("{8BC9CEB8-8B4A-11D0-8D11-00A0C91BC942}") = "implementStackUsingQueue", "implementStackUsingQueue\implementStackUsingQueue.vcxproj", "{F95F0B54-B72B-43E5-B31C-841FB66C30C3}"
EndProject
Project("{8BC9CEB8-8B4A-11D0-8D11-00A0C91BC942}") = "FindkthMaxValueByHeap", "FindkthMaxValueByHeap\FindkthMaxValueByHeap.vcxproj", "{9B585EFC-EFDD-43DE-9389-FD36143CA5FC}"
EndProject
Project("{8BC9CEB8-8B4A-11D0-8D11-00A0C91BC942}") = "FindMedianFromDataStream", "FindMedianFromDataStream\FindMedianFromDataStream.vcxproj", "{40FB3E77-2A28-48B7-87D9-E17E367AF1F1}"
EndProject
Project("{8BC9CEB8-8B4A-11D0-8D11-00A0C91BC942}") = "minArrowBurstBallons", "minArrowBurstBallons\minArrowBurstBallons.vcxproj", "{27B2167B-A8D1-41EA-B351-06453C75FAC2}"
EndProject
Project("{8BC9CEB8-8B4A-11D0-8D11-00A0C91BC942}") = "CombinationSumII40", "CombinationSumII40\CombinationSumII40.vcxproj", "{198710D5-B739-4FF9-911C-3659EAA0D7D2}"
EndProject
Project("{8BC9CEB8-8B4A-11D0-8D11-00A0C91BC942}") = "MergeSort", "MergeSort\MergeSort.vcxproj", "{14426EA5-C6D3-4C71-855F-C684B08DA258}"
EndProject
Project("{8BC9CEB8-8B4A-11D0-8D11-00A0C91BC942}") = "GraphTest", "GraphTest\GraphTest.vcxproj", "{17421390-0920-4061-A80D-738531B25022}"
EndProject
Project("{8BC9CEB8-8B4A-11D0-8D11-00A0C91BC942}") = "LeetCode125_isPalindrome", "LeetCode125_isPalindrome\LeetCode125_isPalindrome.vcxproj", "{287836A1-EEF8-407B-B4A1-6222390D2D0E}"
EndProject
Project("{8BC9CEB8-8B4A-11D0-8D11-00A0C91BC942}") = "Leetcode209_minSubArrayLen", "Leetcode209_minSubArrayLen\Leetcode209_minSubArrayLen.vcxproj", "{559FB9EC-4349-4154-8894-116CB998EC85}"
EndProject
Project("{8BC9CEB8-8B4A-11D0-8D11-00A0C91BC942}") = "Leetcode438_ findAnagrams", "Leetcode438_ findAnagrams\Leetcode438_ findAnagrams.vcxproj", "{21E55F3A-9579-42C5-A230-6F63C3342083}"
EndProject
Project("{8BC9CEB8-8B4A-11D0-8D11-00A0C91BC942}") = "Leetcode447_Boomerangs", "Leetcode447_Boomerangs\Leetcode447_Boomerangs.vcxproj", "{C7191341-279D-474C-89B5-27FDC6C7AB27}"
EndProject
Project("{8BC9CEB8-8B4A-11D0-8D11-00A0C91BC942}") = "TestListNode", "TestListNode\TestListNode.vcxproj", "{BDD555C0-990E-4F78-A39A-875B0B1FA137}"
EndProject
Project("{8BC9CEB8-8B4A-11D0-8D11-00A0C91BC942}") = "Leet147_insertSortLink", "Leet147_insertSortLink\Leet147_insertSortLink.vcxproj", "{132700EA-616F-4B12-9BF8-7562325F484A}"
EndProject
Project("{8BC9CEB8-8B4A-11D0-8D11-00A0C91BC942}") = "Leet189_RotateArray", "Leet189_RotateArray\Leet189_RotateArray.vcxproj", "{6EE0DE8A-1FC5-42B2-8EB6-9893B3B5B937}"
EndProject
Global
	GlobalSection(SolutionConfigurationPlatforms) = preSolution
		Debug|x64 = Debug|x64
		Debug|x86 = Debug|x86
		Release|x64 = Release|x64
		Release|x86 = Release|x86
	EndGlobalSection
	GlobalSection(ProjectConfigurationPlatforms) = postSolution
		{C3F65587-68C2-4111-BBFA-E34A0B83AFB4}.Debug|x64.ActiveCfg = Debug|x64
		{C3F65587-68C2-4111-BBFA-E34A0B83AFB4}.Debug|x64.Build.0 = Debug|x64
		{C3F65587-68C2-4111-BBFA-E34A0B83AFB4}.Debug|x86.ActiveCfg = Debug|Win32
		{C3F65587-68C2-4111-BBFA-E34A0B83AFB4}.Debug|x86.Build.0 = Debug|Win32
		{C3F65587-68C2-4111-BBFA-E34A0B83AFB4}.Release|x64.ActiveCfg = Release|x64
		{C3F65587-68C2-4111-BBFA-E34A0B83AFB4}.Release|x64.Build.0 = Release|x64
		{C3F65587-68C2-4111-BBFA-E34A0B83AFB4}.Release|x86.ActiveCfg = Release|Win32
		{C3F65587-68C2-4111-BBFA-E34A0B83AFB4}.Release|x86.Build.0 = Release|Win32
		{F0B14935-77EB-41E6-8879-A1DC52284AEA}.Debug|x64.ActiveCfg = Debug|x64
		{F0B14935-77EB-41E6-8879-A1DC52284AEA}.Debug|x64.Build.0 = Debug|x64
		{F0B14935-77EB-41E6-8879-A1DC52284AEA}.Debug|x86.ActiveCfg = Debug|Win32
		{F0B14935-77EB-41E6-8879-A1DC52284AEA}.Debug|x86.Build.0 = Debug|Win32
		{F0B14935-77EB-41E6-8879-A1DC52284AEA}.Release|x64.ActiveCfg = Release|x64
		{F0B14935-77EB-41E6-8879-A1DC52284AEA}.Release|x64.Build.0 = Release|x64
		{F0B14935-77EB-41E6-8879-A1DC52284AEA}.Release|x86.ActiveCfg = Release|Win32
		{F0B14935-77EB-41E6-8879-A1DC52284AEA}.Release|x86.Build.0 = Release|Win32
		{FE9CE839-D80C-41F0-93F4-3FCBB9F5DBB4}.Debug|x64.ActiveCfg = Debug|x64
		{FE9CE839-D80C-41F0-93F4-3FCBB9F5DBB4}.Debug|x64.Build.0 = Debug|x64
		{FE9CE839-D80C-41F0-93F4-3FCBB9F5DBB4}.Debug|x86.ActiveCfg = Debug|Win32
		{FE9CE839-D80C-41F0-93F4-3FCBB9F5DBB4}.Debug|x86.Build.0 = Debug|Win32
		{FE9CE839-D80C-41F0-93F4-3FCBB9F5DBB4}.Release|x64.ActiveCfg = Release|x64
		{FE9CE839-D80C-41F0-93F4-3FCBB9F5DBB4}.Release|x64.Build.0 = Release|x64
		{FE9CE839-D80C-41F0-93F4-3FCBB9F5DBB4}.Release|x86.ActiveCfg = Release|Win32
		{FE9CE839-D80C-41F0-93F4-3FCBB9F5DBB4}.Release|x86.Build.0 = Release|Win32
		{77FAE35A-37DB-4C61-ABF8-4A835C440443}.Debug|x64.ActiveCfg = Debug|x64
		{77FAE35A-37DB-4C61-ABF8-4A835C440443}.Debug|x64.Build.0 = Debug|x64
		{77FAE35A-37DB-4C61-ABF8-4A835C440443}.Debug|x86.ActiveCfg = Debug|Win32
		{77FAE35A-37DB-4C61-ABF8-4A835C440443}.Debug|x86.Build.0 = Debug|Win32
		{77FAE35A-37DB-4C61-ABF8-4A835C440443}.Release|x64.ActiveCfg = Release|x64
		{77FAE35A-37DB-4C61-ABF8-4A835C440443}.Release|x64.Build.0 = Release|x64
		{77FAE35A-37DB-4C61-ABF8-4A835C440443}.Release|x86.ActiveCfg = Release|Win32
		{77FAE35A-37DB-4C61-ABF8-4A835C440443}.Release|x86.Build.0 = Release|Win32
		{D2A953B1-E395-4F15-BC72-C47E01A6E1A8}.Debug|x64.ActiveCfg = Debug|x64
		{D2A953B1-E395-4F15-BC72-C47E01A6E1A8}.Debug|x64.Build.0 = Debug|x64
		{D2A953B1-E395-4F15-BC72-C47E01A6E1A8}.Debug|x86.ActiveCfg = Debug|Win32
		{D2A953B1-E395-4F15-BC72-C47E01A6E1A8}.Debug|x86.Build.0 = Debug|Win32
		{D2A953B1-E395-4F15-BC72-C47E01A6E1A8}.Release|x64.ActiveCfg = Release|x64
		{D2A953B1-E395-4F15-BC72-C47E01A6E1A8}.Release|x64.Build.0 = Release|x64
		{D2A953B1-E395-4F15-BC72-C47E01A6E1A8}.Release|x86.ActiveCfg = Release|Win32
		{D2A953B1-E395-4F15-BC72-C47E01A6E1A8}.Release|x86.Build.0 = Release|Win32
		{F95F0B54-B72B-43E5-B31C-841FB66C30C3}.Debug|x64.ActiveCfg = Debug|x64
		{F95F0B54-B72B-43E5-B31C-841FB66C30C3}.Debug|x64.Build.0 = Debug|x64
		{F95F0B54-B72B-43E5-B31C-841FB66C30C3}.Debug|x86.ActiveCfg = Debug|Win32
		{F95F0B54-B72B-43E5-B31C-841FB66C30C3}.Debug|x86.Build.0 = Debug|Win32
		{F95F0B54-B72B-43E5-B31C-841FB66C30C3}.Release|x64.ActiveCfg = Release|x64
		{F95F0B54-B72B-43E5-B31C-841FB66C30C3}.Release|x64.Build.0 = Release|x64
		{F95F0B54-B72B-43E5-B31C-841FB66C30C3}.Release|x86.ActiveCfg = Release|Win32
		{F95F0B54-B72B-43E5-B31C-841FB66C30C3}.Release|x86.Build.0 = Release|Win32
		{9B585EFC-EFDD-43DE-9389-FD36143CA5FC}.Debug|x64.ActiveCfg = Debug|x64
		{9B585EFC-EFDD-43DE-9389-FD36143CA5FC}.Debug|x64.Build.0 = Debug|x64
		{9B585EFC-EFDD-43DE-9389-FD36143CA5FC}.Debug|x86.ActiveCfg = Debug|Win32
		{9B585EFC-EFDD-43DE-9389-FD36143CA5FC}.Debug|x86.Build.0 = Debug|Win32
		{9B585EFC-EFDD-43DE-9389-FD36143CA5FC}.Release|x64.ActiveCfg = Release|x64
		{9B585EFC-EFDD-43DE-9389-FD36143CA5FC}.Release|x64.Build.0 = Release|x64
		{9B585EFC-EFDD-43DE-9389-FD36143CA5FC}.Release|x86.ActiveCfg = Release|Win32
		{9B585EFC-EFDD-43DE-9389-FD36143CA5FC}.Release|x86.Build.0 = Release|Win32
		{40FB3E77-2A28-48B7-87D9-E17E367AF1F1}.Debug|x64.ActiveCfg = Debug|x64
		{40FB3E77-2A28-48B7-87D9-E17E367AF1F1}.Debug|x64.Build.0 = Debug|x64
		{40FB3E77-2A28-48B7-87D9-E17E367AF1F1}.Debug|x86.ActiveCfg = Debug|Win32
		{40FB3E77-2A28-48B7-87D9-E17E367AF1F1}.Debug|x86.Build.0 = Debug|Win32
		{40FB3E77-2A28-48B7-87D9-E17E367AF1F1}.Release|x64.ActiveCfg = Release|x64
		{40FB3E77-2A28-48B7-87D9-E17E367AF1F1}.Release|x64.Build.0 = Release|x64
		{40FB3E77-2A28-48B7-87D9-E17E367AF1F1}.Release|x86.ActiveCfg = Release|Win32
		{40FB3E77-2A28-48B7-87D9-E17E367AF1F1}.Release|x86.Build.0 = Release|Win32
		{27B2167B-A8D1-41EA-B351-06453C75FAC2}.Debug|x64.ActiveCfg = Debug|x64
		{27B2167B-A8D1-41EA-B351-06453C75FAC2}.Debug|x64.Build.0 = Debug|x64
		{27B2167B-A8D1-41EA-B351-06453C75FAC2}.Debug|x86.ActiveCfg = Debug|Win32
		{27B2167B-A8D1-41EA-B351-06453C75FAC2}.Debug|x86.Build.0 = Debug|Win32
		{27B2167B-A8D1-41EA-B351-06453C75FAC2}.Release|x64.ActiveCfg = Release|x64
		{27B2167B-A8D1-41EA-B351-06453C75FAC2}.Release|x64.Build.0 = Release|x64
		{27B2167B-A8D1-41EA-B351-06453C75FAC2}.Release|x86.ActiveCfg = Release|Win32
		{27B2167B-A8D1-41EA-B351-06453C75FAC2}.Release|x86.Build.0 = Release|Win32
		{198710D5-B739-4FF9-911C-3659EAA0D7D2}.Debug|x64.ActiveCfg = Debug|x64
		{198710D5-B739-4FF9-911C-3659EAA0D7D2}.Debug|x64.Build.0 = Debug|x64
		{198710D5-B739-4FF9-911C-3659EAA0D7D2}.Debug|x86.ActiveCfg = Debug|Win32
		{198710D5-B739-4FF9-911C-3659EAA0D7D2}.Debug|x86.Build.0 = Debug|Win32
		{198710D5-B739-4FF9-911C-3659EAA0D7D2}.Release|x64.ActiveCfg = Release|x64
		{198710D5-B739-4FF9-911C-3659EAA0D7D2}.Release|x64.Build.0 = Release|x64
		{198710D5-B739-4FF9-911C-3659EAA0D7D2}.Release|x86.ActiveCfg = Release|Win32
		{198710D5-B739-4FF9-911C-3659EAA0D7D2}.Release|x86.Build.0 = Release|Win32
		{14426EA5-C6D3-4C71-855F-C684B08DA258}.Debug|x64.ActiveCfg = Debug|x64
		{14426EA5-C6D3-4C71-855F-C684B08DA258}.Debug|x64.Build.0 = Debug|x64
		{14426EA5-C6D3-4C71-855F-C684B08DA258}.Debug|x86.ActiveCfg = Debug|Win32
		{14426EA5-C6D3-4C71-855F-C684B08DA258}.Debug|x86.Build.0 = Debug|Win32
		{14426EA5-C6D3-4C71-855F-C684B08DA258}.Release|x64.ActiveCfg = Release|x64
		{14426EA5-C6D3-4C71-855F-C684B08DA258}.Release|x64.Build.0 = Release|x64
		{14426EA5-C6D3-4C71-855F-C684B08DA258}.Release|x86.ActiveCfg = Release|Win32
		{14426EA5-C6D3-4C71-855F-C684B08DA258}.Release|x86.Build.0 = Release|Win32
		{17421390-0920-4061-A80D-738531B25022}.Debug|x64.ActiveCfg = Debug|x64
		{17421390-0920-4061-A80D-738531B25022}.Debug|x64.Build.0 = Debug|x64
		{17421390-0920-4061-A80D-738531B25022}.Debug|x86.ActiveCfg = Debug|Win32
		{17421390-0920-4061-A80D-738531B25022}.Debug|x86.Build.0 = Debug|Win32
		{17421390-0920-4061-A80D-738531B25022}.Release|x64.ActiveCfg = Release|x64
		{17421390-0920-4061-A80D-738531B25022}.Release|x64.Build.0 = Release|x64
		{17421390-0920-4061-A80D-738531B25022}.Release|x86.ActiveCfg = Release|Win32
		{17421390-0920-4061-A80D-738531B25022}.Release|x86.Build.0 = Release|Win32
		{287836A1-EEF8-407B-B4A1-6222390D2D0E}.Debug|x64.ActiveCfg = Debug|x64
		{287836A1-EEF8-407B-B4A1-6222390D2D0E}.Debug|x64.Build.0 = Debug|x64
		{287836A1-EEF8-407B-B4A1-6222390D2D0E}.Debug|x86.ActiveCfg = Debug|Win32
		{287836A1-EEF8-407B-B4A1-6222390D2D0E}.Debug|x86.Build.0 = Debug|Win32
		{287836A1-EEF8-407B-B4A1-6222390D2D0E}.Release|x64.ActiveCfg = Release|x64
		{287836A1-EEF8-407B-B4A1-6222390D2D0E}.Release|x64.Build.0 = Release|x64
		{287836A1-EEF8-407B-B4A1-6222390D2D0E}.Release|x86.ActiveCfg = Release|Win32
		{287836A1-EEF8-407B-B4A1-6222390D2D0E}.Release|x86.Build.0 = Release|Win32
		{559FB9EC-4349-4154-8894-116CB998EC85}.Debug|x64.ActiveCfg = Debug|x64
		{559FB9EC-4349-4154-8894-116CB998EC85}.Debug|x64.Build.0 = Debug|x64
		{559FB9EC-4349-4154-8894-116CB998EC85}.Debug|x86.ActiveCfg = Debug|Win32
		{559FB9EC-4349-4154-8894-116CB998EC85}.Debug|x86.Build.0 = Debug|Win32
		{559FB9EC-4349-4154-8894-116CB998EC85}.Release|x64.ActiveCfg = Release|x64
		{559FB9EC-4349-4154-8894-116CB998EC85}.Release|x64.Build.0 = Release|x64
		{559FB9EC-4349-4154-8894-116CB998EC85}.Release|x86.ActiveCfg = Release|Win32
		{559FB9EC-4349-4154-8894-116CB998EC85}.Release|x86.Build.0 = Release|Win32
		{21E55F3A-9579-42C5-A230-6F63C3342083}.Debug|x64.ActiveCfg = Debug|x64
		{21E55F3A-9579-42C5-A230-6F63C3342083}.Debug|x64.Build.0 = Debug|x64
		{21E55F3A-9579-42C5-A230-6F63C3342083}.Debug|x86.ActiveCfg = Debug|Win32
		{21E55F3A-9579-42C5-A230-6F63C3342083}.Debug|x86.Build.0 = Debug|Win32
		{21E55F3A-9579-42C5-A230-6F63C3342083}.Release|x64.ActiveCfg = Release|x64
		{21E55F3A-9579-42C5-A230-6F63C3342083}.Release|x64.Build.0 = Release|x64
		{21E55F3A-9579-42C5-A230-6F63C3342083}.Release|x86.ActiveCfg = Release|Win32
		{21E55F3A-9579-42C5-A230-6F63C3342083}.Release|x86.Build.0 = Release|Win32
		{C7191341-279D-474C-89B5-27FDC6C7AB27}.Debug|x64.ActiveCfg = Debug|x64
		{C7191341-279D-474C-89B5-27FDC6C7AB27}.Debug|x64.Build.0 = Debug|x64
		{C7191341-279D-474C-89B5-27FDC6C7AB27}.Debug|x86.ActiveCfg = Debug|Win32
		{C7191341-279D-474C-89B5-27FDC6C7AB27}.Debug|x86.Build.0 = Debug|Win32
		{C7191341-279D-474C-89B5-27FDC6C7AB27}.Release|x64.ActiveCfg = Release|x64
		{C7191341-279D-474C-89B5-27FDC6C7AB27}.Release|x64.Build.0 = Release|x64
		{C7191341-279D-474C-89B5-27FDC6C7AB27}.Release|x86.ActiveCfg = Release|Win32
		{C7191341-279D-474C-89B5-27FDC6C7AB27}.Release|x86.Build.0 = Release|Win32
		{BDD555C0-990E-4F78-A39A-875B0B1FA137}.Debug|x64.ActiveCfg = Debug|x64
		{BDD555C0-990E-4F78-A39A-875B0B1FA137}.Debug|x64.Build.0 = Debug|x64
		{BDD555C0-990E-4F78-A39A-875B0B1FA137}.Debug|x86.ActiveCfg = Debug|Win32
		{BDD555C0-990E-4F78-A39A-875B0B1FA137}.Debug|x86.Build.0 = Debug|Win32
		{BDD555C0-990E-4F78-A39A-875B0B1FA137}.Release|x64.ActiveCfg = Release|x64
		{BDD555C0-990E-4F78-A39A-875B0B1FA137}.Release|x64.Build.0 = Release|x64
		{BDD555C0-990E-4F78-A39A-875B0B1FA137}.Release|x86.ActiveCfg = Release|Win32
		{BDD555C0-990E-4F78-A39A-875B0B1FA137}.Release|x86.Build.0 = Release|Win32
		{132700EA-616F-4B12-9BF8-7562325F484A}.Debug|x64.ActiveCfg = Debug|x64
		{132700EA-616F-4B12-9BF8-7562325F484A}.Debug|x64.Build.0 = Debug|x64
		{132700EA-616F-4B12-9BF8-7562325F484A}.Debug|x86.ActiveCfg = Debug|Win32
		{132700EA-616F-4B12-9BF8-7562325F484A}.Debug|x86.Build.0 = Debug|Win32
		{132700EA-616F-4B12-9BF8-7562325F484A}.Release|x64.ActiveCfg = Release|x64
		{132700EA-616F-4B12-9BF8-7562325F484A}.Release|x64.Build.0 = Release|x64
		{132700EA-616F-4B12-9BF8-7562325F484A}.Release|x86.ActiveCfg = Release|Win32
		{132700EA-616F-4B12-9BF8-7562325F484A}.Release|x86.Build.0 = Release|Win32
		{6EE0DE8A-1FC5-42B2-8EB6-9893B3B5B937}.Debug|x64.ActiveCfg = Debug|x64
		{6EE0DE8A-1FC5-42B2-8EB6-9893B3B5B937}.Debug|x64.Build.0 = Debug|x64
		{6EE0DE8A-1FC5-42B2-8EB6-9893B3B5B937}.Debug|x86.ActiveCfg = Debug|Win32
		{6EE0DE8A-1FC5-42B2-8EB6-9893B3B5B937}.Debug|x86.Build.0 = Debug|Win32
		{6EE0DE8A-1FC5-42B2-8EB6-9893B3B5B937}.Release|x64.ActiveCfg = Release|x64
		{6EE0DE8A-1FC5-42B2-8EB6-9893B3B5B937}.Release|x64.Build.0 = Release|x64
		{6EE0DE8A-1FC5-42B2-8EB6-9893B3B5B937}.Release|x86.ActiveCfg = Release|Win32
		{6EE0DE8A-1FC5-42B2-8EB6-9893B3B5B937}.Release|x86.Build.0 = Release|Win32
	EndGlobalSection
	GlobalSection(SolutionProperties) = preSolution
		HideSolutionNode = FALSE
	EndGlobalSection
	GlobalSection(ExtensibilityGlobals) = postSolution
		SolutionGuid = {DAAA02E6-65DB-45B5-884D-28448B204ECE}
	EndGlobalSection
EndGlobal
